
Microsoft Visual Studio Solution File, Format Version 11.00
# Visual Studio 2010
# SharpDevelop 5.1
Project("{FAE04EC0-301F-11D3-BF4B-00C04F79EFBC}") = "Rainbeau's Realistic Planets", "Rainbeau's Realistic Planets.csproj", "{43B0F20F-8134-414E-AB3E-EB21226D10BA}"
EndProject
Global
	GlobalSection(SolutionConfigurationPlatforms) = preSolution
		Debug|Any CPU = Debug|Any CPU
		Release|Any CPU = Release|Any CPU
	EndGlobalSection
	GlobalSection(ProjectConfigurationPlatforms) = postSolution
		{43B0F20F-8134-414E-AB3E-EB21226D10BA}.Debug|Any CPU.ActiveCfg = Debug|Any CPU
		{43B0F20F-8134-414E-AB3E-EB21226D10BA}.Debug|Any CPU.Build.0 = Debug|Any CPU
		{43B0F20F-8134-414E-AB3E-EB21226D10BA}.Release|Any CPU.ActiveCfg = Release|Any CPU
		{43B0F20F-8134-414E-AB3E-EB21226D10BA}.Release|Any CPU.Build.0 = Release|Any CPU
	EndGlobalSection
EndGlobal
